
Microsoft Visual Studio Solution File, Format Version 12.00
# Visual Studio Version 16
VisualStudioVersion = 16.0.32407.337
MinimumVisualStudioVersion = 10.0.40219.1
Project("{FAE04EC0-301F-11D3-BF4B-00C04F79EFBC}") = "ConsoleAppPruebaDehu", "ConsoleAppPruebaDehu\ConsoleAppPruebaDehu.csproj", "{FB453784-9351-4CF5-A31F-52CC07496C23}"
EndProject
Global
	GlobalSection(SolutionConfigurationPlatforms) = preSolution
		Debug|Any CPU = Debug|Any CPU
		Release|Any CPU = Release|Any CPU
	EndGlobalSection
	GlobalSection(ProjectConfigurationPlatforms) = postSolution
		{FB453784-9351-4CF5-A31F-52CC07496C23}.Debug|Any CPU.ActiveCfg = Debug|Any CPU
		{FB453784-9351-4CF5-A31F-52CC07496C23}.Debug|Any CPU.Build.0 = Debug|Any CPU
		{FB453784-9351-4CF5-A31F-52CC07496C23}.Release|Any CPU.ActiveCfg = Release|Any CPU
		{FB453784-9351-4CF5-A31F-52CC07496C23}.Release|Any CPU.Build.0 = Release|Any CPU
	EndGlobalSection
	GlobalSection(SolutionProperties) = preSolution
		HideSolutionNode = FALSE
	EndGlobalSection
	GlobalSection(ExtensibilityGlobals) = postSolution
		SolutionGuid = {615F14FD-36DB-4E05-8667-E3E624351685}
	EndGlobalSection
EndGlobal
